
Microsoft Visual Studio Solution File, Format Version 12.00
# Visual Studio Version 16
VisualStudioVersion = 16.0.29709.97
MinimumVisualStudioVersion = 10.0.40219.1
Project("{FAE04EC0-301F-11D3-BF4B-00C04F79EFBC}") = "PracExamWeek3", "PracExamWeek3\PracExamWeek3.csproj", "{24079E77-6FAB-4D9D-BB76-5BDD75F2C9EA}"
EndProject
Global
	GlobalSection(SolutionConfigurationPlatforms) = preSolution
		Debug|Any CPU = Debug|Any CPU
		Release|Any CPU = Release|Any CPU
	EndGlobalSection
	GlobalSection(ProjectConfigurationPlatforms) = postSolution
		{24079E77-6FAB-4D9D-BB76-5BDD75F2C9EA}.Debug|Any CPU.ActiveCfg = Debug|Any CPU
		{24079E77-6FAB-4D9D-BB76-5BDD75F2C9EA}.Debug|Any CPU.Build.0 = Debug|Any CPU
		{24079E77-6FAB-4D9D-BB76-5BDD75F2C9EA}.Release|Any CPU.ActiveCfg = Release|Any CPU
		{24079E77-6FAB-4D9D-BB76-5BDD75F2C9EA}.Release|Any CPU.Build.0 = Release|Any CPU
	EndGlobalSection
	GlobalSection(SolutionProperties) = preSolution
		HideSolutionNode = FALSE
	EndGlobalSection
	GlobalSection(ExtensibilityGlobals) = postSolution
		SolutionGuid = {BAC8766D-FC8F-4681-92F1-ACAED4BA26C0}
	EndGlobalSection
EndGlobal
